// !$*UTF8*$!
{
	archiveVersion = 1;
	classes = {
	};
	objectVersion = 56;
	objects = {

/* Begin PBXBuildFile section */
		CA500A7529F9476000690625 /* ConversionHistoryInteractor.swift in Sources */ = {isa = PBXBuildFile; fileRef = CA500A7429F9476000690625 /* ConversionHistoryInteractor.swift */; };
		CA500A7729F9477100690625 /* ConversionHistoryPresenter.swift in Sources */ = {isa = PBXBuildFile; fileRef = CA500A7629F9477100690625 /* ConversionHistoryPresenter.swift */; };
		CA500A7A29F9479E00690625 /* ConversionHistoryRouter.swift in Sources */ = {isa = PBXBuildFile; fileRef = CA500A7929F9479E00690625 /* ConversionHistoryRouter.swift */; };
		CA500A7C29F947C400690625 /* ConversionHistoryView.swift in Sources */ = {isa = PBXBuildFile; fileRef = CA500A7B29F947C400690625 /* ConversionHistoryView.swift */; };
		CA500A7E29F947F400690625 /* ConversionHistoryViewController.swift in Sources */ = {isa = PBXBuildFile; fileRef = CA500A7D29F947F400690625 /* ConversionHistoryViewController.swift */; };
		CA500A8029F94A2800690625 /* ConversionHistoryAssembly.swift in Sources */ = {isa = PBXBuildFile; fileRef = CA500A7F29F94A2800690625 /* ConversionHistoryAssembly.swift */; };
		CA500A8229F95F3700690625 /* ConversionHistoryCell.swift in Sources */ = {isa = PBXBuildFile; fileRef = CA500A8129F95F3700690625 /* ConversionHistoryCell.swift */; };
		CA500A8429F970BF00690625 /* DI.swift in Sources */ = {isa = PBXBuildFile; fileRef = CA500A8329F970BF00690625 /* DI.swift */; };
		CA500A8729FAAEBC00690625 /* HistoryDataStore.swift in Sources */ = {isa = PBXBuildFile; fileRef = CA500A8629FAAEBC00690625 /* HistoryDataStore.swift */; };
		CA500A8929FAAF0500690625 /* TransactionRealmObject.swift in Sources */ = {isa = PBXBuildFile; fileRef = CA500A8829FAAF0500690625 /* TransactionRealmObject.swift */; };
		CAAAFD2629D6FBF800A5DE21 /* BalancesScrollView.swift in Sources */ = {isa = PBXBuildFile; fileRef = CAAAFD2529D6FBF800A5DE21 /* BalancesScrollView.swift */; };
		CAAAFD2829D7293800A5DE21 /* CurrencyExchangeSellView.swift in Sources */ = {isa = PBXBuildFile; fileRef = CAAAFD2729D7293800A5DE21 /* CurrencyExchangeSellView.swift */; };
		CAAAFD2A29D84CE400A5DE21 /* CurrencyExchangeReceiveView.swift in Sources */ = {isa = PBXBuildFile; fileRef = CAAAFD2929D84CE400A5DE21 /* CurrencyExchangeReceiveView.swift */; };
		CAAAFD2F29DB132700A5DE21 /* Currencies.swift in Sources */ = {isa = PBXBuildFile; fileRef = CAAAFD2E29DB132700A5DE21 /* Currencies.swift */; };
		CAAAFD3229DB182500A5DE21 /* UIView + Extension.swift in Sources */ = {isa = PBXBuildFile; fileRef = CAAAFD3129DB182500A5DE21 /* UIView + Extension.swift */; };
		CACB656C29E6D851007F71CD /* CurrencyConverterAssembly.swift in Sources */ = {isa = PBXBuildFile; fileRef = CACB656B29E6D851007F71CD /* CurrencyConverterAssembly.swift */; };
		CACB657929E7F30A007F71CD /* SwinjectAutoregistration in Frameworks */ = {isa = PBXBuildFile; productRef = CACB657829E7F30A007F71CD /* SwinjectAutoregistration */; };
		CACB657B29E84F1C007F71CD /* BalanceCell.swift in Sources */ = {isa = PBXBuildFile; fileRef = CACB657A29E84F1C007F71CD /* BalanceCell.swift */; };
		CACB657D29E94F24007F71CD /* Double + Extension.swift in Sources */ = {isa = PBXBuildFile; fileRef = CACB657C29E94F24007F71CD /* Double + Extension.swift */; };
		CACB657F29E97A48007F71CD /* FeeLimitObject.swift in Sources */ = {isa = PBXBuildFile; fileRef = CACB657E29E97A48007F71CD /* FeeLimitObject.swift */; };
		CACB658129E97BCB007F71CD /* TransactionService.swift in Sources */ = {isa = PBXBuildFile; fileRef = CACB658029E97BCB007F71CD /* TransactionService.swift */; };
		CACB658329EEA3F9007F71CD /* FeeService.swift in Sources */ = {isa = PBXBuildFile; fileRef = CACB658229EEA3F9007F71CD /* FeeService.swift */; };
		CACB658529EEA45E007F71CD /* Transaction.swift in Sources */ = {isa = PBXBuildFile; fileRef = CACB658429EEA45E007F71CD /* Transaction.swift */; };
		CACB658829EEDC16007F71CD /* BalanceDataStore.swift in Sources */ = {isa = PBXBuildFile; fileRef = CACB658729EEDC16007F71CD /* BalanceDataStore.swift */; };
		CACB658E29EFFFB4007F71CD /* FeeLimitDataStore.swift in Sources */ = {isa = PBXBuildFile; fileRef = CACB658D29EFFFB4007F71CD /* FeeLimitDataStore.swift */; };
		CACB659029F022B0007F71CD /* ConverterService.swift in Sources */ = {isa = PBXBuildFile; fileRef = CACB658F29F022B0007F71CD /* ConverterService.swift */; };
		CACB65AA29F16021007F71CD /* RxSwift in Frameworks */ = {isa = PBXBuildFile; productRef = CACB65A929F16021007F71CD /* RxSwift */; };
		CACB65AE29F162E1007F71CD /* EventManager.swift in Sources */ = {isa = PBXBuildFile; fileRef = CACB65AD29F162E1007F71CD /* EventManager.swift */; };
		CACB65B129F297E0007F71CD /* PromiseKit in Frameworks */ = {isa = PBXBuildFile; productRef = CACB65B029F297E0007F71CD /* PromiseKit */; };
		CACB65B429F7B54B007F71CD /* ConversionAlertFactory.swift in Sources */ = {isa = PBXBuildFile; fileRef = CACB65B329F7B54B007F71CD /* ConversionAlertFactory.swift */; };
		CAE772E829DC74E80007500E /* ColorAssets.xcassets in Resources */ = {isa = PBXBuildFile; fileRef = CAE772E729DC74E80007500E /* ColorAssets.xcassets */; };
		CAE772EA29DC75670007500E /* UIColor + Extension.swift in Sources */ = {isa = PBXBuildFile; fileRef = CAE772E929DC75670007500E /* UIColor + Extension.swift */; };
		CAE772EF29DD74AB0007500E /* EndPoint.swift in Sources */ = {isa = PBXBuildFile; fileRef = CAE772EE29DD74AB0007500E /* EndPoint.swift */; };
		CAE772F129DD77D00007500E /* NetworkService.swift in Sources */ = {isa = PBXBuildFile; fileRef = CAE772F029DD77D00007500E /* NetworkService.swift */; };
		CAE772F329DD78700007500E /* HTTPMethod.swift in Sources */ = {isa = PBXBuildFile; fileRef = CAE772F229DD78700007500E /* HTTPMethod.swift */; };
		CAE772F529DD7A610007500E /* NetworkError.swift in Sources */ = {isa = PBXBuildFile; fileRef = CAE772F429DD7A610007500E /* NetworkError.swift */; };
		CAE772F729DED3300007500E /* CurrencyExchangeModel.swift in Sources */ = {isa = PBXBuildFile; fileRef = CAE772F629DED3300007500E /* CurrencyExchangeModel.swift */; };
		CAE772F929E1A8A20007500E /* CurrencyRealmObject.swift in Sources */ = {isa = PBXBuildFile; fileRef = CAE772F829E1A8A20007500E /* CurrencyRealmObject.swift */; };
		CAF7A82629CC8772002FBBAD /* AppDelegate.swift in Sources */ = {isa = PBXBuildFile; fileRef = CAF7A82529CC8772002FBBAD /* AppDelegate.swift */; };
		CAF7A82829CC8772002FBBAD /* SceneDelegate.swift in Sources */ = {isa = PBXBuildFile; fileRef = CAF7A82729CC8772002FBBAD /* SceneDelegate.swift */; };
		CAF7A82A29CC8772002FBBAD /* CurrencyConverterViewController.swift in Sources */ = {isa = PBXBuildFile; fileRef = CAF7A82929CC8772002FBBAD /* CurrencyConverterViewController.swift */; };
		CAF7A82F29CC8772002FBBAD /* Assets.xcassets in Resources */ = {isa = PBXBuildFile; fileRef = CAF7A82E29CC8772002FBBAD /* Assets.xcassets */; };
		CAF7A83229CC8772002FBBAD /* LaunchScreen.storyboard in Resources */ = {isa = PBXBuildFile; fileRef = CAF7A83029CC8772002FBBAD /* LaunchScreen.storyboard */; };
		CAF7A83B29CC9D4D002FBBAD /* Stevia in Frameworks */ = {isa = PBXBuildFile; productRef = CAF7A83A29CC9D4D002FBBAD /* Stevia */; };
		CAF7A83E29CC9F38002FBBAD /* Swinject in Frameworks */ = {isa = PBXBuildFile; productRef = CAF7A83D29CC9F38002FBBAD /* Swinject */; };
		CAF7A84129CCA1AC002FBBAD /* Realm in Frameworks */ = {isa = PBXBuildFile; productRef = CAF7A84029CCA1AC002FBBAD /* Realm */; };
		CAF7A84329CCA1AC002FBBAD /* RealmSwift in Frameworks */ = {isa = PBXBuildFile; productRef = CAF7A84229CCA1AC002FBBAD /* RealmSwift */; };
		CAF7A84D29CDB883002FBBAD /* BaseViewController.swift in Sources */ = {isa = PBXBuildFile; fileRef = CAF7A84C29CDB883002FBBAD /* BaseViewController.swift */; };
		CAF7A85229CDBB73002FBBAD /* BasePresenter.swift in Sources */ = {isa = PBXBuildFile; fileRef = CAF7A85129CDBB73002FBBAD /* BasePresenter.swift */; };
		CAF7A85529CDBB8D002FBBAD /* BaseInteractor.swift in Sources */ = {isa = PBXBuildFile; fileRef = CAF7A85429CDBB8D002FBBAD /* BaseInteractor.swift */; };
		CAF7A85729CDBB98002FBBAD /* BaseRouter.swift in Sources */ = {isa = PBXBuildFile; fileRef = CAF7A85629CDBB98002FBBAD /* BaseRouter.swift */; };
		CAF7A85F29CDE1BF002FBBAD /* BaseView.swift in Sources */ = {isa = PBXBuildFile; fileRef = CAF7A85E29CDE1BF002FBBAD /* BaseView.swift */; };
		CAF7A86529D0BC8F002FBBAD /* CurrencyConverterView.swift in Sources */ = {isa = PBXBuildFile; fileRef = CAF7A86429D0BC8F002FBBAD /* CurrencyConverterView.swift */; };
		CAF7A86A29D0C20F002FBBAD /* CurrencyConverterInteractor.swift in Sources */ = {isa = PBXBuildFile; fileRef = CAF7A86929D0C20F002FBBAD /* CurrencyConverterInteractor.swift */; };
		CAF7A86C29D0C21E002FBBAD /* CurrencyConverterPresenter.swift in Sources */ = {isa = PBXBuildFile; fileRef = CAF7A86B29D0C21E002FBBAD /* CurrencyConverterPresenter.swift */; };
		CAF7A86E29D1C57D002FBBAD /* CurrencyConverterRouter.swift in Sources */ = {isa = PBXBuildFile; fileRef = CAF7A86D29D1C57C002FBBAD /* CurrencyConverterRouter.swift */; };
/* End PBXBuildFile section */

/* Begin PBXFileReference section */
		CA500A7429F9476000690625 /* ConversionHistoryInteractor.swift */ = {isa = PBXFileReference; lastKnownFileType = sourcecode.swift; path = ConversionHistoryInteractor.swift; sourceTree = "<group>"; };
		CA500A7629F9477100690625 /* ConversionHistoryPresenter.swift */ = {isa = PBXFileReference; lastKnownFileType = sourcecode.swift; path = ConversionHistoryPresenter.swift; sourceTree = "<group>"; };
		CA500A7929F9479E00690625 /* ConversionHistoryRouter.swift */ = {isa = PBXFileReference; lastKnownFileType = sourcecode.swift; path = ConversionHistoryRouter.swift; sourceTree = "<group>"; };
		CA500A7B29F947C400690625 /* ConversionHistoryView.swift */ = {isa = PBXFileReference; lastKnownFileType = sourcecode.swift; path = ConversionHistoryView.swift; sourceTree = "<group>"; };
		CA500A7D29F947F400690625 /* ConversionHistoryViewController.swift */ = {isa = PBXFileReference; lastKnownFileType = sourcecode.swift; path = ConversionHistoryViewController.swift; sourceTree = "<group>"; };
		CA500A7F29F94A2800690625 /* ConversionHistoryAssembly.swift */ = {isa = PBXFileReference; lastKnownFileType = sourcecode.swift; path = ConversionHistoryAssembly.swift; sourceTree = "<group>"; };
		CA500A8129F95F3700690625 /* ConversionHistoryCell.swift */ = {isa = PBXFileReference; lastKnownFileType = sourcecode.swift; path = ConversionHistoryCell.swift; sourceTree = "<group>"; };
		CA500A8329F970BF00690625 /* DI.swift */ = {isa = PBXFileReference; lastKnownFileType = sourcecode.swift; path = DI.swift; sourceTree = "<group>"; };
		CA500A8629FAAEBC00690625 /* HistoryDataStore.swift */ = {isa = PBXFileReference; lastKnownFileType = sourcecode.swift; path = HistoryDataStore.swift; sourceTree = "<group>"; };
		CA500A8829FAAF0500690625 /* TransactionRealmObject.swift */ = {isa = PBXFileReference; lastKnownFileType = sourcecode.swift; path = TransactionRealmObject.swift; sourceTree = "<group>"; };
		CAAAFD2529D6FBF800A5DE21 /* BalancesScrollView.swift */ = {isa = PBXFileReference; lastKnownFileType = sourcecode.swift; path = BalancesScrollView.swift; sourceTree = "<group>"; };
		CAAAFD2729D7293800A5DE21 /* CurrencyExchangeSellView.swift */ = {isa = PBXFileReference; lastKnownFileType = sourcecode.swift; path = CurrencyExchangeSellView.swift; sourceTree = "<group>"; };
		CAAAFD2929D84CE400A5DE21 /* CurrencyExchangeReceiveView.swift */ = {isa = PBXFileReference; lastKnownFileType = sourcecode.swift; path = CurrencyExchangeReceiveView.swift; sourceTree = "<group>"; };
		CAAAFD2E29DB132700A5DE21 /* Currencies.swift */ = {isa = PBXFileReference; lastKnownFileType = sourcecode.swift; path = Currencies.swift; sourceTree = "<group>"; };
		CAAAFD3129DB182500A5DE21 /* UIView + Extension.swift */ = {isa = PBXFileReference; lastKnownFileType = sourcecode.swift; path = "UIView + Extension.swift"; sourceTree = "<group>"; };
		CACB656B29E6D851007F71CD /* CurrencyConverterAssembly.swift */ = {isa = PBXFileReference; lastKnownFileType = sourcecode.swift; path = CurrencyConverterAssembly.swift; sourceTree = "<group>"; };
		CACB657A29E84F1C007F71CD /* BalanceCell.swift */ = {isa = PBXFileReference; lastKnownFileType = sourcecode.swift; path = BalanceCell.swift; sourceTree = "<group>"; };
		CACB657C29E94F24007F71CD /* Double + Extension.swift */ = {isa = PBXFileReference; lastKnownFileType = sourcecode.swift; path = "Double + Extension.swift"; sourceTree = "<group>"; };
		CACB657E29E97A48007F71CD /* FeeLimitObject.swift */ = {isa = PBXFileReference; lastKnownFileType = sourcecode.swift; path = FeeLimitObject.swift; sourceTree = "<group>"; };
		CACB658029E97BCB007F71CD /* TransactionService.swift */ = {isa = PBXFileReference; lastKnownFileType = sourcecode.swift; path = TransactionService.swift; sourceTree = "<group>"; };
		CACB658229EEA3F9007F71CD /* FeeService.swift */ = {isa = PBXFileReference; lastKnownFileType = sourcecode.swift; path = FeeService.swift; sourceTree = "<group>"; };
		CACB658429EEA45E007F71CD /* Transaction.swift */ = {isa = PBXFileReference; lastKnownFileType = sourcecode.swift; path = Transaction.swift; sourceTree = "<group>"; };
		CACB658729EEDC16007F71CD /* BalanceDataStore.swift */ = {isa = PBXFileReference; lastKnownFileType = sourcecode.swift; path = BalanceDataStore.swift; sourceTree = "<group>"; };
		CACB658D29EFFFB4007F71CD /* FeeLimitDataStore.swift */ = {isa = PBXFileReference; lastKnownFileType = sourcecode.swift; path = FeeLimitDataStore.swift; sourceTree = "<group>"; };
		CACB658F29F022B0007F71CD /* ConverterService.swift */ = {isa = PBXFileReference; lastKnownFileType = sourcecode.swift; path = ConverterService.swift; sourceTree = "<group>"; };
		CACB65AD29F162E1007F71CD /* EventManager.swift */ = {isa = PBXFileReference; lastKnownFileType = sourcecode.swift; path = EventManager.swift; sourceTree = "<group>"; };
		CACB65B329F7B54B007F71CD /* ConversionAlertFactory.swift */ = {isa = PBXFileReference; lastKnownFileType = sourcecode.swift; path = ConversionAlertFactory.swift; sourceTree = "<group>"; };
		CAE772E729DC74E80007500E /* ColorAssets.xcassets */ = {isa = PBXFileReference; lastKnownFileType = folder.assetcatalog; path = ColorAssets.xcassets; sourceTree = "<group>"; };
		CAE772E929DC75670007500E /* UIColor + Extension.swift */ = {isa = PBXFileReference; lastKnownFileType = sourcecode.swift; path = "UIColor + Extension.swift"; sourceTree = "<group>"; };
		CAE772EE29DD74AB0007500E /* EndPoint.swift */ = {isa = PBXFileReference; lastKnownFileType = sourcecode.swift; path = EndPoint.swift; sourceTree = "<group>"; };
		CAE772F029DD77D00007500E /* NetworkService.swift */ = {isa = PBXFileReference; lastKnownFileType = sourcecode.swift; path = NetworkService.swift; sourceTree = "<group>"; };
		CAE772F229DD78700007500E /* HTTPMethod.swift */ = {isa = PBXFileReference; lastKnownFileType = sourcecode.swift; path = HTTPMethod.swift; sourceTree = "<group>"; };
		CAE772F429DD7A610007500E /* NetworkError.swift */ = {isa = PBXFileReference; lastKnownFileType = sourcecode.swift; path = NetworkError.swift; sourceTree = "<group>"; };
		CAE772F629DED3300007500E /* CurrencyExchangeModel.swift */ = {isa = PBXFileReference; lastKnownFileType = sourcecode.swift; path = CurrencyExchangeModel.swift; sourceTree = "<group>"; };
		CAE772F829E1A8A20007500E /* CurrencyRealmObject.swift */ = {isa = PBXFileReference; lastKnownFileType = sourcecode.swift; path = CurrencyRealmObject.swift; sourceTree = "<group>"; };
		CAF7A82229CC8772002FBBAD /* Currency Converter.app */ = {isa = PBXFileReference; explicitFileType = wrapper.application; includeInIndex = 0; path = "Currency Converter.app"; sourceTree = BUILT_PRODUCTS_DIR; };
		CAF7A82529CC8772002FBBAD /* AppDelegate.swift */ = {isa = PBXFileReference; lastKnownFileType = sourcecode.swift; path = AppDelegate.swift; sourceTree = "<group>"; };
		CAF7A82729CC8772002FBBAD /* SceneDelegate.swift */ = {isa = PBXFileReference; lastKnownFileType = sourcecode.swift; path = SceneDelegate.swift; sourceTree = "<group>"; };
		CAF7A82929CC8772002FBBAD /* CurrencyConverterViewController.swift */ = {isa = PBXFileReference; lastKnownFileType = sourcecode.swift; path = CurrencyConverterViewController.swift; sourceTree = "<group>"; };
		CAF7A82E29CC8772002FBBAD /* Assets.xcassets */ = {isa = PBXFileReference; lastKnownFileType = folder.assetcatalog; path = Assets.xcassets; sourceTree = "<group>"; };
		CAF7A83129CC8772002FBBAD /* Base */ = {isa = PBXFileReference; lastKnownFileType = file.storyboard; name = Base; path = Base.lproj/LaunchScreen.storyboard; sourceTree = "<group>"; };
		CAF7A83329CC8772002FBBAD /* Info.plist */ = {isa = PBXFileReference; lastKnownFileType = text.plist.xml; path = Info.plist; sourceTree = "<group>"; };
		CAF7A84C29CDB883002FBBAD /* BaseViewController.swift */ = {isa = PBXFileReference; lastKnownFileType = sourcecode.swift; path = BaseViewController.swift; sourceTree = "<group>"; };
		CAF7A85129CDBB73002FBBAD /* BasePresenter.swift */ = {isa = PBXFileReference; lastKnownFileType = sourcecode.swift; path = BasePresenter.swift; sourceTree = "<group>"; };
		CAF7A85429CDBB8D002FBBAD /* BaseInteractor.swift */ = {isa = PBXFileReference; lastKnownFileType = sourcecode.swift; path = BaseInteractor.swift; sourceTree = "<group>"; };
		CAF7A85629CDBB98002FBBAD /* BaseRouter.swift */ = {isa = PBXFileReference; lastKnownFileType = sourcecode.swift; path = BaseRouter.swift; sourceTree = "<group>"; };
		CAF7A85E29CDE1BF002FBBAD /* BaseView.swift */ = {isa = PBXFileReference; lastKnownFileType = sourcecode.swift; path = BaseView.swift; sourceTree = "<group>"; };
		CAF7A86429D0BC8F002FBBAD /* CurrencyConverterView.swift */ = {isa = PBXFileReference; lastKnownFileType = sourcecode.swift; path = CurrencyConverterView.swift; sourceTree = "<group>"; };
		CAF7A86929D0C20F002FBBAD /* CurrencyConverterInteractor.swift */ = {isa = PBXFileReference; lastKnownFileType = sourcecode.swift; path = CurrencyConverterInteractor.swift; sourceTree = "<group>"; };
		CAF7A86B29D0C21E002FBBAD /* CurrencyConverterPresenter.swift */ = {isa = PBXFileReference; lastKnownFileType = sourcecode.swift; path = CurrencyConverterPresenter.swift; sourceTree = "<group>"; };
		CAF7A86D29D1C57C002FBBAD /* CurrencyConverterRouter.swift */ = {isa = PBXFileReference; lastKnownFileType = sourcecode.swift; path = CurrencyConverterRouter.swift; sourceTree = "<group>"; };
/* End PBXFileReference section */

/* Begin PBXFrameworksBuildPhase section */
		CAF7A81F29CC8772002FBBAD /* Frameworks */ = {
			isa = PBXFrameworksBuildPhase;
			buildActionMask = 2147483647;
			files = (
				CACB65AA29F16021007F71CD /* RxSwift in Frameworks */,
				CAF7A84329CCA1AC002FBBAD /* RealmSwift in Frameworks */,
				CAF7A84129CCA1AC002FBBAD /* Realm in Frameworks */,
				CACB657929E7F30A007F71CD /* SwinjectAutoregistration in Frameworks */,
				CAF7A83B29CC9D4D002FBBAD /* Stevia in Frameworks */,
				CACB65B129F297E0007F71CD /* PromiseKit in Frameworks */,
				CAF7A83E29CC9F38002FBBAD /* Swinject in Frameworks */,
			);
			runOnlyForDeploymentPostprocessing = 0;
		};
/* End PBXFrameworksBuildPhase section */

/* Begin PBXGroup section */
		CA500A6F29F9471400690625 /* Interactor */ = {
			isa = PBXGroup;
			children = (
				CA500A7429F9476000690625 /* ConversionHistoryInteractor.swift */,
			);
			path = Interactor;
			sourceTree = "<group>";
		};
		CA500A7029F9471B00690625 /* ViewController */ = {
			isa = PBXGroup;
			children = (
				CA500A7D29F947F400690625 /* ConversionHistoryViewController.swift */,
			);
			path = ViewController;
			sourceTree = "<group>";
		};
		CA500A7129F9472700690625 /* View */ = {
			isa = PBXGroup;
			children = (
				CA500A8129F95F3700690625 /* ConversionHistoryCell.swift */,
				CA500A7B29F947C400690625 /* ConversionHistoryView.swift */,
			);
			path = View;
			sourceTree = "<group>";
		};
		CA500A7229F9472C00690625 /* Router */ = {
			isa = PBXGroup;
			children = (
				CA500A7929F9479E00690625 /* ConversionHistoryRouter.swift */,
			);
			path = Router;
			sourceTree = "<group>";
		};
		CA500A7329F9473200690625 /* Presenter */ = {
			isa = PBXGroup;
			children = (
				CA500A7629F9477100690625 /* ConversionHistoryPresenter.swift */,
			);
			path = Presenter;
			sourceTree = "<group>";
		};
		CA500A8529FAADFE00690625 /* HistoryDataStore */ = {
			isa = PBXGroup;
			children = (
				CA500A8629FAAEBC00690625 /* HistoryDataStore.swift */,
			);
			path = HistoryDataStore;
			sourceTree = "<group>";
		};
		CAAAFD2D29DB130E00A5DE21 /* Enums */ = {
			isa = PBXGroup;
			children = (
				CAAAFD2E29DB132700A5DE21 /* Currencies.swift */,
			);
			path = Enums;
			sourceTree = "<group>";
		};
		CAAAFD3029DB13D500A5DE21 /* Extensions */ = {
			isa = PBXGroup;
			children = (
				CAAAFD3129DB182500A5DE21 /* UIView + Extension.swift */,
				CAE772E929DC75670007500E /* UIColor + Extension.swift */,
				CACB657C29E94F24007F71CD /* Double + Extension.swift */,
			);
			path = Extensions;
			sourceTree = "<group>";
		};
		CACB656A29E6D83A007F71CD /* DI */ = {
			isa = PBXGroup;
			children = (
				CACB656B29E6D851007F71CD /* CurrencyConverterAssembly.swift */,
				CA500A7F29F94A2800690625 /* ConversionHistoryAssembly.swift */,
				CA500A8329F970BF00690625 /* DI.swift */,
			);
			path = DI;
			sourceTree = "<group>";
		};
		CACB658629EEDC02007F71CD /* BalanceDataStore */ = {
			isa = PBXGroup;
			children = (
				CACB658729EEDC16007F71CD /* BalanceDataStore.swift */,
			);
			path = BalanceDataStore;
			sourceTree = "<group>";
		};
		CACB658C29EFFF6D007F71CD /* FeeLimitDataStore */ = {
			isa = PBXGroup;
			children = (
				CACB658D29EFFFB4007F71CD /* FeeLimitDataStore.swift */,
			);
			path = FeeLimitDataStore;
			sourceTree = "<group>";
		};
		CACB65B229F6AF2C007F71CD /* TransactionServices */ = {
			isa = PBXGroup;
			children = (
				CACB658029E97BCB007F71CD /* TransactionService.swift */,
				CACB658229EEA3F9007F71CD /* FeeService.swift */,
				CACB658F29F022B0007F71CD /* ConverterService.swift */,
			);
			path = TransactionServices;
			sourceTree = "<group>";
		};
		CACB65BD29F946D1007F71CD /* ConversionHistoryScreen */ = {
			isa = PBXGroup;
			children = (
				CA500A6F29F9471400690625 /* Interactor */,
				CA500A7329F9473200690625 /* Presenter */,
				CA500A7229F9472C00690625 /* Router */,
				CA500A7129F9472700690625 /* View */,
				CA500A7029F9471B00690625 /* ViewController */,
			);
			path = ConversionHistoryScreen;
			sourceTree = "<group>";
		};
		CAE772EB29DD741C0007500E /* Services */ = {
			isa = PBXGroup;
			children = (
				CACB658629EEDC02007F71CD /* BalanceDataStore */,
				CA500A8529FAADFE00690625 /* HistoryDataStore */,
				CACB658C29EFFF6D007F71CD /* FeeLimitDataStore */,
				CACB65B229F6AF2C007F71CD /* TransactionServices */,
				CAE772EC29DD74840007500E /* Helpers */,
				CAE772F029DD77D00007500E /* NetworkService.swift */,
				CACB65AD29F162E1007F71CD /* EventManager.swift */,
				CACB65B329F7B54B007F71CD /* ConversionAlertFactory.swift */,
			);
			path = Services;
			sourceTree = "<group>";
		};
		CAE772EC29DD74840007500E /* Helpers */ = {
			isa = PBXGroup;
			children = (
				CAE772EE29DD74AB0007500E /* EndPoint.swift */,
				CAE772F229DD78700007500E /* HTTPMethod.swift */,
				CAE772F429DD7A610007500E /* NetworkError.swift */,
			);
			path = Helpers;
			sourceTree = "<group>";
		};
		CAF7A81929CC8772002FBBAD = {
			isa = PBXGroup;
			children = (
				CAF7A82429CC8772002FBBAD /* Currency Converter */,
				CAF7A82329CC8772002FBBAD /* Products */,
			);
			sourceTree = "<group>";
		};
		CAF7A82329CC8772002FBBAD /* Products */ = {
			isa = PBXGroup;
			children = (
				CAF7A82229CC8772002FBBAD /* Currency Converter.app */,
			);
			name = Products;
			sourceTree = "<group>";
		};
		CAF7A82429CC8772002FBBAD /* Currency Converter */ = {
			isa = PBXGroup;
			children = (
				CACB656A29E6D83A007F71CD /* DI */,
				CAF7A84529CDB597002FBBAD /* Base */,
				CAAAFD3029DB13D500A5DE21 /* Extensions */,
				CAF7A85829CDBBB5002FBBAD /* Presentation */,
				CAF7A84829CDB61C002FBBAD /* Entity */,
				CAAAFD2D29DB130E00A5DE21 /* Enums */,
				CAE772EB29DD741C0007500E /* Services */,
				CAF7A82529CC8772002FBBAD /* AppDelegate.swift */,
				CAF7A82729CC8772002FBBAD /* SceneDelegate.swift */,
				CAF7A82E29CC8772002FBBAD /* Assets.xcassets */,
				CAE772E729DC74E80007500E /* ColorAssets.xcassets */,
				CAF7A83029CC8772002FBBAD /* LaunchScreen.storyboard */,
				CAF7A83329CC8772002FBBAD /* Info.plist */,
			);
			path = "Currency Converter";
			sourceTree = "<group>";
		};
		CAF7A84429CDB45C002FBBAD /* ViewController */ = {
			isa = PBXGroup;
			children = (
				CAF7A82929CC8772002FBBAD /* CurrencyConverterViewController.swift */,
			);
			path = ViewController;
			sourceTree = "<group>";
		};
		CAF7A84529CDB597002FBBAD /* Base */ = {
			isa = PBXGroup;
			children = (
				CAF7A85329CDBB7C002FBBAD /* Interactor */,
				CAF7A84E29CDBA75002FBBAD /* Presenter */,
				CAF7A84F29CDBA7B002FBBAD /* Router */,
				CAF7A85029CDBA80002FBBAD /* View */,
			);
			path = Base;
			sourceTree = "<group>";
		};
		CAF7A84629CDB5EA002FBBAD /* Interactor */ = {
			isa = PBXGroup;
			children = (
				CAF7A86929D0C20F002FBBAD /* CurrencyConverterInteractor.swift */,
			);
			path = Interactor;
			sourceTree = "<group>";
		};
		CAF7A84729CDB5F8002FBBAD /* Presenter */ = {
			isa = PBXGroup;
			children = (
				CAF7A86B29D0C21E002FBBAD /* CurrencyConverterPresenter.swift */,
			);
			path = Presenter;
			sourceTree = "<group>";
		};
		CAF7A84829CDB61C002FBBAD /* Entity */ = {
			isa = PBXGroup;
			children = (
				CAE772F629DED3300007500E /* CurrencyExchangeModel.swift */,
				CACB658429EEA45E007F71CD /* Transaction.swift */,
				CAE772F829E1A8A20007500E /* CurrencyRealmObject.swift */,
				CACB657E29E97A48007F71CD /* FeeLimitObject.swift */,
				CA500A8829FAAF0500690625 /* TransactionRealmObject.swift */,
			);
			path = Entity;
			sourceTree = "<group>";
		};
		CAF7A84929CDB624002FBBAD /* Router */ = {
			isa = PBXGroup;
			children = (
				CAF7A86D29D1C57C002FBBAD /* CurrencyConverterRouter.swift */,
			);
			path = Router;
			sourceTree = "<group>";
		};
		CAF7A84E29CDBA75002FBBAD /* Presenter */ = {
			isa = PBXGroup;
			children = (
				CAF7A85129CDBB73002FBBAD /* BasePresenter.swift */,
			);
			path = Presenter;
			sourceTree = "<group>";
		};
		CAF7A84F29CDBA7B002FBBAD /* Router */ = {
			isa = PBXGroup;
			children = (
				CAF7A85629CDBB98002FBBAD /* BaseRouter.swift */,
			);
			path = Router;
			sourceTree = "<group>";
		};
		CAF7A85029CDBA80002FBBAD /* View */ = {
			isa = PBXGroup;
			children = (
				CAF7A85E29CDE1BF002FBBAD /* BaseView.swift */,
				CAF7A84C29CDB883002FBBAD /* BaseViewController.swift */,
			);
			path = View;
			sourceTree = "<group>";
		};
		CAF7A85329CDBB7C002FBBAD /* Interactor */ = {
			isa = PBXGroup;
			children = (
				CAF7A85429CDBB8D002FBBAD /* BaseInteractor.swift */,
			);
			path = Interactor;
			sourceTree = "<group>";
		};
		CAF7A85829CDBBB5002FBBAD /* Presentation */ = {
			isa = PBXGroup;
			children = (
				CACB65BD29F946D1007F71CD /* ConversionHistoryScreen */,
				CAF7A85929CDBBC1002FBBAD /* CurrencyConverterScreen */,
			);
			path = Presentation;
			sourceTree = "<group>";
		};
		CAF7A85929CDBBC1002FBBAD /* CurrencyConverterScreen */ = {
			isa = PBXGroup;
			children = (
				CAF7A84629CDB5EA002FBBAD /* Interactor */,
				CAF7A84729CDB5F8002FBBAD /* Presenter */,
				CAF7A84929CDB624002FBBAD /* Router */,
				CAF7A86329D0BC7B002FBBAD /* View */,
				CAF7A84429CDB45C002FBBAD /* ViewController */,
			);
			path = CurrencyConverterScreen;
			sourceTree = "<group>";
		};
		CAF7A86329D0BC7B002FBBAD /* View */ = {
			isa = PBXGroup;
			children = (
				CACB657A29E84F1C007F71CD /* BalanceCell.swift */,
				CAAAFD2529D6FBF800A5DE21 /* BalancesScrollView.swift */,
				CAAAFD2729D7293800A5DE21 /* CurrencyExchangeSellView.swift */,
				CAAAFD2929D84CE400A5DE21 /* CurrencyExchangeReceiveView.swift */,
				CAF7A86429D0BC8F002FBBAD /* CurrencyConverterView.swift */,
			);
			path = View;
			sourceTree = "<group>";
		};
/* End PBXGroup section */

/* Begin PBXNativeTarget section */
		CAF7A82129CC8772002FBBAD /* Currency Converter */ = {
			isa = PBXNativeTarget;
			buildConfigurationList = CAF7A83629CC8772002FBBAD /* Build configuration list for PBXNativeTarget "Currency Converter" */;
			buildPhases = (
				CAF7A81E29CC8772002FBBAD /* Sources */,
				CAF7A81F29CC8772002FBBAD /* Frameworks */,
				CAF7A82029CC8772002FBBAD /* Resources */,
			);
			buildRules = (
			);
			dependencies = (
			);
			name = "Currency Converter";
			packageProductDependencies = (
				CAF7A83A29CC9D4D002FBBAD /* Stevia */,
				CAF7A83D29CC9F38002FBBAD /* Swinject */,
				CAF7A84029CCA1AC002FBBAD /* Realm */,
				CAF7A84229CCA1AC002FBBAD /* RealmSwift */,
				CACB657829E7F30A007F71CD /* SwinjectAutoregistration */,
				CACB65A929F16021007F71CD /* RxSwift */,
				CACB65B029F297E0007F71CD /* PromiseKit */,
			);
			productName = "Currency Converter";
			productReference = CAF7A82229CC8772002FBBAD /* Currency Converter.app */;
			productType = "com.apple.product-type.application";
		};
/* End PBXNativeTarget section */

/* Begin PBXProject section */
		CAF7A81A29CC8772002FBBAD /* Project object */ = {
			isa = PBXProject;
			attributes = {
				BuildIndependentTargetsInParallel = 1;
				LastSwiftUpdateCheck = 1430;
				LastUpgradeCheck = 1430;
				TargetAttributes = {
					CAF7A82129CC8772002FBBAD = {
						CreatedOnToolsVersion = 14.3;
					};
				};
			};
			buildConfigurationList = CAF7A81D29CC8772002FBBAD /* Build configuration list for PBXProject "Currency Converter" */;
			compatibilityVersion = "Xcode 14.0";
			developmentRegion = en;
			hasScannedForEncodings = 0;
			knownRegions = (
				en,
				Base,
			);
			mainGroup = CAF7A81929CC8772002FBBAD;
			packageReferences = (
				CAF7A83929CC9D4D002FBBAD /* XCRemoteSwiftPackageReference "Stevia" */,
				CAF7A83C29CC9F38002FBBAD /* XCRemoteSwiftPackageReference "Swinject" */,
				CAF7A83F29CCA1AC002FBBAD /* XCRemoteSwiftPackageReference "realm-swift" */,
				CACB657729E7F30A007F71CD /* XCRemoteSwiftPackageReference "SwinjectAutoregistration" */,
				CACB65A829F16021007F71CD /* XCRemoteSwiftPackageReference "RxSwift" */,
				CACB65AF29F297E0007F71CD /* XCRemoteSwiftPackageReference "PromiseKit" */,
			);
			productRefGroup = CAF7A82329CC8772002FBBAD /* Products */;
			projectDirPath = "";
			projectRoot = "";
			targets = (
				CAF7A82129CC8772002FBBAD /* Currency Converter */,
			);
		};
/* End PBXProject section */

/* Begin PBXResourcesBuildPhase section */
		CAF7A82029CC8772002FBBAD /* Resources */ = {
			isa = PBXResourcesBuildPhase;
			buildActionMask = 2147483647;
			files = (
				CAF7A83229CC8772002FBBAD /* LaunchScreen.storyboard in Resources */,
				CAE772E829DC74E80007500E /* ColorAssets.xcassets in Resources */,
				CAF7A82F29CC8772002FBBAD /* Assets.xcassets in Resources */,
			);
			runOnlyForDeploymentPostprocessing = 0;
		};
/* End PBXResourcesBuildPhase section */

/* Begin PBXSourcesBuildPhase section */
		CAF7A81E29CC8772002FBBAD /* Sources */ = {
			isa = PBXSourcesBuildPhase;
			buildActionMask = 2147483647;
			files = (
				CACB65AE29F162E1007F71CD /* EventManager.swift in Sources */,
				CAF7A86E29D1C57D002FBBAD /* CurrencyConverterRouter.swift in Sources */,
				CAF7A84D29CDB883002FBBAD /* BaseViewController.swift in Sources */,
				CAE772F329DD78700007500E /* HTTPMethod.swift in Sources */,
				CA500A8429F970BF00690625 /* DI.swift in Sources */,
				CAF7A86529D0BC8F002FBBAD /* CurrencyConverterView.swift in Sources */,
				CACB65B429F7B54B007F71CD /* ConversionAlertFactory.swift in Sources */,
				CAF7A86C29D0C21E002FBBAD /* CurrencyConverterPresenter.swift in Sources */,
				CA500A8229F95F3700690625 /* ConversionHistoryCell.swift in Sources */,
				CACB656C29E6D851007F71CD /* CurrencyConverterAssembly.swift in Sources */,
				CAF7A85229CDBB73002FBBAD /* BasePresenter.swift in Sources */,
				CAF7A85729CDBB98002FBBAD /* BaseRouter.swift in Sources */,
				CA500A8029F94A2800690625 /* ConversionHistoryAssembly.swift in Sources */,
				CACB657B29E84F1C007F71CD /* BalanceCell.swift in Sources */,
				CAAAFD2829D7293800A5DE21 /* CurrencyExchangeSellView.swift in Sources */,
				CAF7A86A29D0C20F002FBBAD /* CurrencyConverterInteractor.swift in Sources */,
				CA500A7529F9476000690625 /* ConversionHistoryInteractor.swift in Sources */,
				CAE772F529DD7A610007500E /* NetworkError.swift in Sources */,
				CACB658E29EFFFB4007F71CD /* FeeLimitDataStore.swift in Sources */,
				CACB657F29E97A48007F71CD /* FeeLimitObject.swift in Sources */,
				CA500A7C29F947C400690625 /* ConversionHistoryView.swift in Sources */,
				CA500A8929FAAF0500690625 /* TransactionRealmObject.swift in Sources */,
				CAAAFD3229DB182500A5DE21 /* UIView + Extension.swift in Sources */,
				CA500A7E29F947F400690625 /* ConversionHistoryViewController.swift in Sources */,
				CACB658329EEA3F9007F71CD /* FeeService.swift in Sources */,
				CACB659029F022B0007F71CD /* ConverterService.swift in Sources */,
				CAE772EA29DC75670007500E /* UIColor + Extension.swift in Sources */,
				CAE772F129DD77D00007500E /* NetworkService.swift in Sources */,
				CAE772F729DED3300007500E /* CurrencyExchangeModel.swift in Sources */,
				CAF7A82A29CC8772002FBBAD /* CurrencyConverterViewController.swift in Sources */,
				CA500A7729F9477100690625 /* ConversionHistoryPresenter.swift in Sources */,
				CAE772EF29DD74AB0007500E /* EndPoint.swift in Sources */,
				CACB658129E97BCB007F71CD /* TransactionService.swift in Sources */,
				CACB658529EEA45E007F71CD /* Transaction.swift in Sources */,
				CA500A8729FAAEBC00690625 /* HistoryDataStore.swift in Sources */,
				CAF7A82629CC8772002FBBAD /* AppDelegate.swift in Sources */,
				CAF7A85F29CDE1BF002FBBAD /* BaseView.swift in Sources */,
				CAAAFD2629D6FBF800A5DE21 /* BalancesScrollView.swift in Sources */,
				CAF7A82829CC8772002FBBAD /* SceneDelegate.swift in Sources */,
				CACB657D29E94F24007F71CD /* Double + Extension.swift in Sources */,
				CA500A7A29F9479E00690625 /* ConversionHistoryRouter.swift in Sources */,
				CAF7A85529CDBB8D002FBBAD /* BaseInteractor.swift in Sources */,
				CAAAFD2F29DB132700A5DE21 /* Currencies.swift in Sources */,
				CAAAFD2A29D84CE400A5DE21 /* CurrencyExchangeReceiveView.swift in Sources */,
				CACB658829EEDC16007F71CD /* BalanceDataStore.swift in Sources */,
				CAE772F929E1A8A20007500E /* CurrencyRealmObject.swift in Sources */,
			);
			runOnlyForDeploymentPostprocessing = 0;
		};
/* End PBXSourcesBuildPhase section */

/* Begin PBXVariantGroup section */
		CAF7A83029CC8772002FBBAD /* LaunchScreen.storyboard */ = {
			isa = PBXVariantGroup;
			children = (
				CAF7A83129CC8772002FBBAD /* Base */,
			);
			name = LaunchScreen.storyboard;
			sourceTree = "<group>";
		};
/* End PBXVariantGroup section */

/* Begin XCBuildConfiguration section */
		CAF7A83429CC8772002FBBAD /* Debug */ = {
			isa = XCBuildConfiguration;
			buildSettings = {
				ALWAYS_SEARCH_USER_PATHS = NO;
				CLANG_ANALYZER_NONNULL = YES;
				CLANG_ANALYZER_NUMBER_OBJECT_CONVERSION = YES_AGGRESSIVE;
				CLANG_CXX_LANGUAGE_STANDARD = "gnu++20";
				CLANG_ENABLE_MODULES = YES;
				CLANG_ENABLE_OBJC_ARC = YES;
				CLANG_ENABLE_OBJC_WEAK = YES;
				CLANG_WARN_BLOCK_CAPTURE_AUTORELEASING = YES;
				CLANG_WARN_BOOL_CONVERSION = YES;
				CLANG_WARN_COMMA = YES;
				CLANG_WARN_CONSTANT_CONVERSION = YES;
				CLANG_WARN_DEPRECATED_OBJC_IMPLEMENTATIONS = YES;
				CLANG_WARN_DIRECT_OBJC_ISA_USAGE = YES_ERROR;
				CLANG_WARN_DOCUMENTATION_COMMENTS = YES;
				CLANG_WARN_EMPTY_BODY = YES;
				CLANG_WARN_ENUM_CONVERSION = YES;
				CLANG_WARN_INFINITE_RECURSION = YES;
				CLANG_WARN_INT_CONVERSION = YES;
				CLANG_WARN_NON_LITERAL_NULL_CONVERSION = YES;
				CLANG_WARN_OBJC_IMPLICIT_RETAIN_SELF = YES;
				CLANG_WARN_OBJC_LITERAL_CONVERSION = YES;
				CLANG_WARN_OBJC_ROOT_CLASS = YES_ERROR;
				CLANG_WARN_QUOTED_INCLUDE_IN_FRAMEWORK_HEADER = YES;
				CLANG_WARN_RANGE_LOOP_ANALYSIS = YES;
				CLANG_WARN_STRICT_PROTOTYPES = YES;
				CLANG_WARN_SUSPICIOUS_MOVE = YES;
				CLANG_WARN_UNGUARDED_AVAILABILITY = YES_AGGRESSIVE;
				CLANG_WARN_UNREACHABLE_CODE = YES;
				CLANG_WARN__DUPLICATE_METHOD_MATCH = YES;
				COPY_PHASE_STRIP = NO;
				DEBUG_INFORMATION_FORMAT = dwarf;
				ENABLE_STRICT_OBJC_MSGSEND = YES;
				ENABLE_TESTABILITY = YES;
				GCC_C_LANGUAGE_STANDARD = gnu11;
				GCC_DYNAMIC_NO_PIC = NO;
				GCC_NO_COMMON_BLOCKS = YES;
				GCC_OPTIMIZATION_LEVEL = 0;
				GCC_PREPROCESSOR_DEFINITIONS = (
					"DEBUG=1",
					"$(inherited)",
				);
				GCC_WARN_64_TO_32_BIT_CONVERSION = YES;
				GCC_WARN_ABOUT_RETURN_TYPE = YES_ERROR;
				GCC_WARN_UNDECLARED_SELECTOR = YES;
				GCC_WARN_UNINITIALIZED_AUTOS = YES_AGGRESSIVE;
				GCC_WARN_UNUSED_FUNCTION = YES;
				GCC_WARN_UNUSED_VARIABLE = YES;
				IPHONEOS_DEPLOYMENT_TARGET = 16.4;
				MTL_ENABLE_DEBUG_INFO = INCLUDE_SOURCE;
				MTL_FAST_MATH = YES;
				ONLY_ACTIVE_ARCH = YES;
				SDKROOT = iphoneos;
				SWIFT_ACTIVE_COMPILATION_CONDITIONS = DEBUG;
				SWIFT_OPTIMIZATION_LEVEL = "-Onone";
			};
			name = Debug;
		};
		CAF7A83529CC8772002FBBAD /* Release */ = {
			isa = XCBuildConfiguration;
			buildSettings = {
				ALWAYS_SEARCH_USER_PATHS = NO;
				CLANG_ANALYZER_NONNULL = YES;
				CLANG_ANALYZER_NUMBER_OBJECT_CONVERSION = YES_AGGRESSIVE;
				CLANG_CXX_LANGUAGE_STANDARD = "gnu++20";
				CLANG_ENABLE_MODULES = YES;
				CLANG_ENABLE_OBJC_ARC = YES;
				CLANG_ENABLE_OBJC_WEAK = YES;
				CLANG_WARN_BLOCK_CAPTURE_AUTORELEASING = YES;
				CLANG_WARN_BOOL_CONVERSION = YES;
				CLANG_WARN_COMMA = YES;
				CLANG_WARN_CONSTANT_CONVERSION = YES;
				CLANG_WARN_DEPRECATED_OBJC_IMPLEMENTATIONS = YES;
				CLANG_WARN_DIRECT_OBJC_ISA_USAGE = YES_ERROR;
				CLANG_WARN_DOCUMENTATION_COMMENTS = YES;
				CLANG_WARN_EMPTY_BODY = YES;
				CLANG_WARN_ENUM_CONVERSION = YES;
				CLANG_WARN_INFINITE_RECURSION = YES;
				CLANG_WARN_INT_CONVERSION = YES;
				CLANG_WARN_NON_LITERAL_NULL_CONVERSION = YES;
				CLANG_WARN_OBJC_IMPLICIT_RETAIN_SELF = YES;
				CLANG_WARN_OBJC_LITERAL_CONVERSION = YES;
				CLANG_WARN_OBJC_ROOT_CLASS = YES_ERROR;
				CLANG_WARN_QUOTED_INCLUDE_IN_FRAMEWORK_HEADER = YES;
				CLANG_WARN_RANGE_LOOP_ANALYSIS = YES;
				CLANG_WARN_STRICT_PROTOTYPES = YES;
				CLANG_WARN_SUSPICIOUS_MOVE = YES;
				CLANG_WARN_UNGUARDED_AVAILABILITY = YES_AGGRESSIVE;
				CLANG_WARN_UNREACHABLE_CODE = YES;
				CLANG_WARN__DUPLICATE_METHOD_MATCH = YES;
				COPY_PHASE_STRIP = NO;
				DEBUG_INFORMATION_FORMAT = "dwarf-with-dsym";
				ENABLE_NS_ASSERTIONS = NO;
				ENABLE_STRICT_OBJC_MSGSEND = YES;
				GCC_C_LANGUAGE_STANDARD = gnu11;
				GCC_NO_COMMON_BLOCKS = YES;
				GCC_WARN_64_TO_32_BIT_CONVERSION = YES;
				GCC_WARN_ABOUT_RETURN_TYPE = YES_ERROR;
				GCC_WARN_UNDECLARED_SELECTOR = YES;
				GCC_WARN_UNINITIALIZED_AUTOS = YES_AGGRESSIVE;
				GCC_WARN_UNUSED_FUNCTION = YES;
				GCC_WARN_UNUSED_VARIABLE = YES;
				IPHONEOS_DEPLOYMENT_TARGET = 16.4;
				MTL_ENABLE_DEBUG_INFO = NO;
				MTL_FAST_MATH = YES;
				SDKROOT = iphoneos;
				SWIFT_COMPILATION_MODE = wholemodule;
				SWIFT_OPTIMIZATION_LEVEL = "-O";
				VALIDATE_PRODUCT = YES;
			};
			name = Release;
		};
		CAF7A83729CC8772002FBBAD /* Debug */ = {
			isa = XCBuildConfiguration;
			buildSettings = {
				ASSETCATALOG_COMPILER_APPICON_NAME = AppIcon;
				ASSETCATALOG_COMPILER_GLOBAL_ACCENT_COLOR_NAME = AccentColor;
				CODE_SIGN_STYLE = Automatic;
				CURRENT_PROJECT_VERSION = 1;
				DEVELOPMENT_TEAM = F8Y22AJ6G5;
				GENERATE_INFOPLIST_FILE = YES;
				INFOPLIST_FILE = "Currency Converter/Info.plist";
				INFOPLIST_KEY_UIApplicationSupportsIndirectInputEvents = YES;
				INFOPLIST_KEY_UILaunchStoryboardName = LaunchScreen;
				INFOPLIST_KEY_UISupportedInterfaceOrientations_iPad = "UIInterfaceOrientationPortrait UIInterfaceOrientationPortraitUpsideDown UIInterfaceOrientationLandscapeLeft UIInterfaceOrientationLandscapeRight";
				INFOPLIST_KEY_UISupportedInterfaceOrientations_iPhone = "UIInterfaceOrientationPortrait UIInterfaceOrientationLandscapeLeft UIInterfaceOrientationLandscapeRight";
				LD_RUNPATH_SEARCH_PATHS = (
					"$(inherited)",
					"@executable_path/Frameworks",
				);
				MARKETING_VERSION = 1.0;
				PRODUCT_BUNDLE_IDENTIFIER = "com.alexEzhkin.Currency-Converter";
				PRODUCT_NAME = "$(TARGET_NAME)";
				SWIFT_EMIT_LOC_STRINGS = YES;
				SWIFT_VERSION = 5.0;
				TARGETED_DEVICE_FAMILY = "1,2";
			};
			name = Debug;
		};
		CAF7A83829CC8772002FBBAD /* Release */ = {
			isa = XCBuildConfiguration;
			buildSettings = {
				ASSETCATALOG_COMPILER_APPICON_NAME = AppIcon;
				ASSETCATALOG_COMPILER_GLOBAL_ACCENT_COLOR_NAME = AccentColor;
				CODE_SIGN_STYLE = Automatic;
				CURRENT_PROJECT_VERSION = 1;
				DEVELOPMENT_TEAM = F8Y22AJ6G5;
				GENERATE_INFOPLIST_FILE = YES;
				INFOPLIST_FILE = "Currency Converter/Info.plist";
				INFOPLIST_KEY_UIApplicationSupportsIndirectInputEvents = YES;
				INFOPLIST_KEY_UILaunchStoryboardName = LaunchScreen;
				INFOPLIST_KEY_UISupportedInterfaceOrientations_iPad = "UIInterfaceOrientationPortrait UIInterfaceOrientationPortraitUpsideDown UIInterfaceOrientationLandscapeLeft UIInterfaceOrientationLandscapeRight";
				INFOPLIST_KEY_UISupportedInterfaceOrientations_iPhone = "UIInterfaceOrientationPortrait UIInterfaceOrientationLandscapeLeft UIInterfaceOrientationLandscapeRight";
				LD_RUNPATH_SEARCH_PATHS = (
					"$(inherited)",
					"@executable_path/Frameworks",
				);
				MARKETING_VERSION = 1.0;
				PRODUCT_BUNDLE_IDENTIFIER = "com.alexEzhkin.Currency-Converter";
				PRODUCT_NAME = "$(TARGET_NAME)";
				SWIFT_EMIT_LOC_STRINGS = YES;
				SWIFT_VERSION = 5.0;
				TARGETED_DEVICE_FAMILY = "1,2";
			};
			name = Release;
		};
/* End XCBuildConfiguration section */

/* Begin XCConfigurationList section */
		CAF7A81D29CC8772002FBBAD /* Build configuration list for PBXProject "Currency Converter" */ = {
			isa = XCConfigurationList;
			buildConfigurations = (
				CAF7A83429CC8772002FBBAD /* Debug */,
				CAF7A83529CC8772002FBBAD /* Release */,
			);
			defaultConfigurationIsVisible = 0;
			defaultConfigurationName = Release;
		};
		CAF7A83629CC8772002FBBAD /* Build configuration list for PBXNativeTarget "Currency Converter" */ = {
			isa = XCConfigurationList;
			buildConfigurations = (
				CAF7A83729CC8772002FBBAD /* Debug */,
				CAF7A83829CC8772002FBBAD /* Release */,
			);
			defaultConfigurationIsVisible = 0;
			defaultConfigurationName = Release;
		};
/* End XCConfigurationList section */

/* Begin XCRemoteSwiftPackageReference section */
		CACB657729E7F30A007F71CD /* XCRemoteSwiftPackageReference "SwinjectAutoregistration" */ = {
			isa = XCRemoteSwiftPackageReference;
			repositoryURL = "https://github.com/Swinject/SwinjectAutoregistration";
			requirement = {
				kind = upToNextMajorVersion;
				minimumVersion = 2.0.0;
			};
		};
		CACB65A829F16021007F71CD /* XCRemoteSwiftPackageReference "RxSwift" */ = {
			isa = XCRemoteSwiftPackageReference;
			repositoryURL = "https://github.com/ReactiveX/RxSwift";
			requirement = {
				kind = upToNextMajorVersion;
				minimumVersion = 6.0.0;
			};
		};
		CACB65AF29F297E0007F71CD /* XCRemoteSwiftPackageReference "PromiseKit" */ = {
			isa = XCRemoteSwiftPackageReference;
			repositoryURL = "https://github.com/mxcl/PromiseKit";
			requirement = {
				kind = upToNextMajorVersion;
				minimumVersion = 6.0.0;
			};
		};
		CAF7A83929CC9D4D002FBBAD /* XCRemoteSwiftPackageReference "Stevia" */ = {
			isa = XCRemoteSwiftPackageReference;
			repositoryURL = "https://github.com/freshOS/Stevia";
			requirement = {
				kind = upToNextMajorVersion;
				minimumVersion = 5.0.0;
			};
		};
		CAF7A83C29CC9F38002FBBAD /* XCRemoteSwiftPackageReference "Swinject" */ = {
			isa = XCRemoteSwiftPackageReference;
			repositoryURL = "https://github.com/Swinject/Swinject.git";
			requirement = {
				kind = upToNextMajorVersion;
				minimumVersion = 2.0.0;
			};
		};
		CAF7A83F29CCA1AC002FBBAD /* XCRemoteSwiftPackageReference "realm-swift" */ = {
			isa = XCRemoteSwiftPackageReference;
			repositoryURL = "https://github.com/realm/realm-swift.git";
			requirement = {
				branch = master;
				kind = branch;
			};
		};
/* End XCRemoteSwiftPackageReference section */

/* Begin XCSwiftPackageProductDependency section */
		CACB657829E7F30A007F71CD /* SwinjectAutoregistration */ = {
			isa = XCSwiftPackageProductDependency;
			package = CACB657729E7F30A007F71CD /* XCRemoteSwiftPackageReference "SwinjectAutoregistration" */;
			productName = SwinjectAutoregistration;
		};
		CACB65A929F16021007F71CD /* RxSwift */ = {
			isa = XCSwiftPackageProductDependency;
			package = CACB65A829F16021007F71CD /* XCRemoteSwiftPackageReference "RxSwift" */;
			productName = RxSwift;
		};
		CACB65B029F297E0007F71CD /* PromiseKit */ = {
			isa = XCSwiftPackageProductDependency;
			package = CACB65AF29F297E0007F71CD /* XCRemoteSwiftPackageReference "PromiseKit" */;
			productName = PromiseKit;
		};
		CAF7A83A29CC9D4D002FBBAD /* Stevia */ = {
			isa = XCSwiftPackageProductDependency;
			package = CAF7A83929CC9D4D002FBBAD /* XCRemoteSwiftPackageReference "Stevia" */;
			productName = Stevia;
		};
		CAF7A83D29CC9F38002FBBAD /* Swinject */ = {
			isa = XCSwiftPackageProductDependency;
			package = CAF7A83C29CC9F38002FBBAD /* XCRemoteSwiftPackageReference "Swinject" */;
			productName = Swinject;
		};
		CAF7A84029CCA1AC002FBBAD /* Realm */ = {
			isa = XCSwiftPackageProductDependency;
			package = CAF7A83F29CCA1AC002FBBAD /* XCRemoteSwiftPackageReference "realm-swift" */;
			productName = Realm;
		};
		CAF7A84229CCA1AC002FBBAD /* RealmSwift */ = {
			isa = XCSwiftPackageProductDependency;
			package = CAF7A83F29CCA1AC002FBBAD /* XCRemoteSwiftPackageReference "realm-swift" */;
			productName = RealmSwift;
		};
/* End XCSwiftPackageProductDependency section */
	};
	rootObject = CAF7A81A29CC8772002FBBAD /* Project object */;
}
